
Microsoft Visual Studio Solution File, Format Version 12.00
# Visual Studio Version 17
VisualStudioVersion = 17.5.002.0
MinimumVisualStudioVersion = 10.0.40219.1
Project("{2150E333-8FDC-42A3-9474-1A3956D46DE8}") = "Day3", "Day3", "{B74295C5-FD8D-4D49-BEE7-FC1B1599AD67}"
EndProject
Project("{9A19103F-16F7-4668-BE54-9A1E7A4F7556}") = "AppFirst", "Day3\AppFirst\AppFirst.csproj", "{DD599D92-0421-40F5-9958-0258A3B5672B}"
EndProject
Global
	GlobalSection(SolutionConfigurationPlatforms) = preSolution
		Debug|Any CPU = Debug|Any CPU
		Release|Any CPU = Release|Any CPU
	EndGlobalSection
	GlobalSection(ProjectConfigurationPlatforms) = postSolution
		{DD599D92-0421-40F5-9958-0258A3B5672B}.Debug|Any CPU.ActiveCfg = Debug|Any CPU
		{DD599D92-0421-40F5-9958-0258A3B5672B}.Debug|Any CPU.Build.0 = Debug|Any CPU
		{DD599D92-0421-40F5-9958-0258A3B5672B}.Release|Any CPU.ActiveCfg = Release|Any CPU
		{DD599D92-0421-40F5-9958-0258A3B5672B}.Release|Any CPU.Build.0 = Release|Any CPU
	EndGlobalSection
	GlobalSection(SolutionProperties) = preSolution
		HideSolutionNode = FALSE
	EndGlobalSection
	GlobalSection(NestedProjects) = preSolution
		{DD599D92-0421-40F5-9958-0258A3B5672B} = {B74295C5-FD8D-4D49-BEE7-FC1B1599AD67}
	EndGlobalSection
	GlobalSection(ExtensibilityGlobals) = postSolution
		SolutionGuid = {0DC580BA-29FF-4977-8C1F-9FCD206CE91D}
	EndGlobalSection
EndGlobal
